
Microsoft Visual Studio Solution File, Format Version 12.00
# Visual Studio Version 16
VisualStudioVersion = 16.0.30907.101
MinimumVisualStudioVersion = 10.0.40219.1
Project("{FAE04EC0-301F-11D3-BF4B-00C04F79EFBC}") = "Sales.Android", "Sales.Android\Sales.Android.csproj", "{587F4920-4FC7-4197-8535-73CE84777C86}"
EndProject
Project("{FAE04EC0-301F-11D3-BF4B-00C04F79EFBC}") = "Sales.iOS", "Sales.iOS\Sales.iOS.csproj", "{FADA5B0E-3E19-4233-B1E3-C9987B271EB2}"
EndProject
Project("{9A19103F-16F7-4668-BE54-9A1E7A4F7556}") = "Sales", "Sales\Sales.csproj", "{E2A781FA-593A-4133-95AF-FAC28389129D}"
EndProject
Project("{FAE04EC0-301F-11D3-BF4B-00C04F79EFBC}") = "Sales.Backend", "Sales.Backend\Sales.Backend.csproj", "{4482A104-31AD-4A38-9098-8A70498C9C17}"
EndProject
Project("{FAE04EC0-301F-11D3-BF4B-00C04F79EFBC}") = "Sales.API", "Sales.API\Sales.API.csproj", "{BA233F8C-6CDA-429D-A4F3-90D294E9D7D2}"
EndProject
Project("{FAE04EC0-301F-11D3-BF4B-00C04F79EFBC}") = "Sales.Domain", "Sales.Domain\Sales.Domain.csproj", "{28CA4C43-F436-4115-8B99-9DEBBAB2A21A}"
EndProject
Project("{FAE04EC0-301F-11D3-BF4B-00C04F79EFBC}") = "Sales.Common", "Sales.Common\Sales.Common.csproj", "{3A9985F9-CCAD-4875-B261-08BFEF503DBB}"
EndProject
Global
	GlobalSection(SolutionConfigurationPlatforms) = preSolution
		Debug|Any CPU = Debug|Any CPU
		Debug|ARM = Debug|ARM
		Debug|iPhone = Debug|iPhone
		Debug|iPhoneSimulator = Debug|iPhoneSimulator
		Debug|x64 = Debug|x64
		Debug|x86 = Debug|x86
		Release|Any CPU = Release|Any CPU
		Release|ARM = Release|ARM
		Release|iPhone = Release|iPhone
		Release|iPhoneSimulator = Release|iPhoneSimulator
		Release|x64 = Release|x64
		Release|x86 = Release|x86
	EndGlobalSection
	GlobalSection(ProjectConfigurationPlatforms) = postSolution
		{587F4920-4FC7-4197-8535-73CE84777C86}.Debug|Any CPU.ActiveCfg = Debug|Any CPU
		{587F4920-4FC7-4197-8535-73CE84777C86}.Debug|Any CPU.Build.0 = Debug|Any CPU
		{587F4920-4FC7-4197-8535-73CE84777C86}.Debug|Any CPU.Deploy.0 = Debug|Any CPU
		{587F4920-4FC7-4197-8535-73CE84777C86}.Debug|ARM.ActiveCfg = Debug|Any CPU
		{587F4920-4FC7-4197-8535-73CE84777C86}.Debug|ARM.Build.0 = Debug|Any CPU
		{587F4920-4FC7-4197-8535-73CE84777C86}.Debug|ARM.Deploy.0 = Debug|Any CPU
		{587F4920-4FC7-4197-8535-73CE84777C86}.Debug|iPhone.ActiveCfg = Debug|Any CPU
		{587F4920-4FC7-4197-8535-73CE84777C86}.Debug|iPhone.Build.0 = Debug|Any CPU
		{587F4920-4FC7-4197-8535-73CE84777C86}.Debug|iPhone.Deploy.0 = Debug|Any CPU
		{587F4920-4FC7-4197-8535-73CE84777C86}.Debug|iPhoneSimulator.ActiveCfg = Debug|Any CPU
		{587F4920-4FC7-4197-8535-73CE84777C86}.Debug|iPhoneSimulator.Build.0 = Debug|Any CPU
		{587F4920-4FC7-4197-8535-73CE84777C86}.Debug|iPhoneSimulator.Deploy.0 = Debug|Any CPU
		{587F4920-4FC7-4197-8535-73CE84777C86}.Debug|x64.ActiveCfg = Debug|Any CPU
		{587F4920-4FC7-4197-8535-73CE84777C86}.Debug|x64.Build.0 = Debug|Any CPU
		{587F4920-4FC7-4197-8535-73CE84777C86}.Debug|x64.Deploy.0 = Debug|Any CPU
		{587F4920-4FC7-4197-8535-73CE84777C86}.Debug|x86.ActiveCfg = Debug|Any CPU
		{587F4920-4FC7-4197-8535-73CE84777C86}.Debug|x86.Build.0 = Debug|Any CPU
		{587F4920-4FC7-4197-8535-73CE84777C86}.Debug|x86.Deploy.0 = Debug|Any CPU
		{587F4920-4FC7-4197-8535-73CE84777C86}.Release|Any CPU.ActiveCfg = Release|Any CPU
		{587F4920-4FC7-4197-8535-73CE84777C86}.Release|Any CPU.Build.0 = Release|Any CPU
		{587F4920-4FC7-4197-8535-73CE84777C86}.Release|Any CPU.Deploy.0 = Release|Any CPU
		{587F4920-4FC7-4197-8535-73CE84777C86}.Release|ARM.ActiveCfg = Release|Any CPU
		{587F4920-4FC7-4197-8535-73CE84777C86}.Release|ARM.Build.0 = Release|Any CPU
		{587F4920-4FC7-4197-8535-73CE84777C86}.Release|ARM.Deploy.0 = Release|Any CPU
		{587F4920-4FC7-4197-8535-73CE84777C86}.Release|iPhone.ActiveCfg = Release|Any CPU
		{587F4920-4FC7-4197-8535-73CE84777C86}.Release|iPhone.Build.0 = Release|Any CPU
		{587F4920-4FC7-4197-8535-73CE84777C86}.Release|iPhone.Deploy.0 = Release|Any CPU
		{587F4920-4FC7-4197-8535-73CE84777C86}.Release|iPhoneSimulator.ActiveCfg = Release|Any CPU
		{587F4920-4FC7-4197-8535-73CE84777C86}.Release|iPhoneSimulator.Build.0 = Release|Any CPU
		{587F4920-4FC7-4197-8535-73CE84777C86}.Release|iPhoneSimulator.Deploy.0 = Release|Any CPU
		{587F4920-4FC7-4197-8535-73CE84777C86}.Release|x64.ActiveCfg = Release|Any CPU
		{587F4920-4FC7-4197-8535-73CE84777C86}.Release|x64.Build.0 = Release|Any CPU
		{587F4920-4FC7-4197-8535-73CE84777C86}.Release|x64.Deploy.0 = Release|Any CPU
		{587F4920-4FC7-4197-8535-73CE84777C86}.Release|x86.ActiveCfg = Release|Any CPU
		{587F4920-4FC7-4197-8535-73CE84777C86}.Release|x86.Build.0 = Release|Any CPU
		{587F4920-4FC7-4197-8535-73CE84777C86}.Release|x86.Deploy.0 = Release|Any CPU
		{FADA5B0E-3E19-4233-B1E3-C9987B271EB2}.Debug|Any CPU.ActiveCfg = Debug|iPhoneSimulator
		{FADA5B0E-3E19-4233-B1E3-C9987B271EB2}.Debug|Any CPU.Build.0 = Debug|iPhoneSimulator
		{FADA5B0E-3E19-4233-B1E3-C9987B271EB2}.Debug|Any CPU.Deploy.0 = Debug|iPhoneSimulator
		{FADA5B0E-3E19-4233-B1E3-C9987B271EB2}.Debug|ARM.ActiveCfg = Debug|iPhone
		{FADA5B0E-3E19-4233-B1E3-C9987B271EB2}.Debug|ARM.Build.0 = Debug|iPhone
		{FADA5B0E-3E19-4233-B1E3-C9987B271EB2}.Debug|ARM.Deploy.0 = Debug|iPhone
		{FADA5B0E-3E19-4233-B1E3-C9987B271EB2}.Debug|iPhone.ActiveCfg = Debug|iPhone
		{FADA5B0E-3E19-4233-B1E3-C9987B271EB2}.Debug|iPhone.Build.0 = Debug|iPhone
		{FADA5B0E-3E19-4233-B1E3-C9987B271EB2}.Debug|iPhone.Deploy.0 = Debug|iPhone
		{FADA5B0E-3E19-4233-B1E3-C9987B271EB2}.Debug|iPhoneSimulator.ActiveCfg = Debug|iPhoneSimulator
		{FADA5B0E-3E19-4233-B1E3-C9987B271EB2}.Debug|iPhoneSimulator.Build.0 = Debug|iPhoneSimulator
		{FADA5B0E-3E19-4233-B1E3-C9987B271EB2}.Debug|iPhoneSimulator.Deploy.0 = Debug|iPhoneSimulator
		{FADA5B0E-3E19-4233-B1E3-C9987B271EB2}.Debug|x64.ActiveCfg = Debug|iPhoneSimulator
		{FADA5B0E-3E19-4233-B1E3-C9987B271EB2}.Debug|x64.Build.0 = Debug|iPhoneSimulator
		{FADA5B0E-3E19-4233-B1E3-C9987B271EB2}.Debug|x64.Deploy.0 = Debug|iPhoneSimulator
		{FADA5B0E-3E19-4233-B1E3-C9987B271EB2}.Debug|x86.ActiveCfg = Debug|iPhoneSimulator
		{FADA5B0E-3E19-4233-B1E3-C9987B271EB2}.Debug|x86.Build.0 = Debug|iPhoneSimulator
		{FADA5B0E-3E19-4233-B1E3-C9987B271EB2}.Debug|x86.Deploy.0 = Debug|iPhoneSimulator
		{FADA5B0E-3E19-4233-B1E3-C9987B271EB2}.Release|Any CPU.ActiveCfg = Release|iPhoneSimulator
		{FADA5B0E-3E19-4233-B1E3-C9987B271EB2}.Release|Any CPU.Build.0 = Release|iPhoneSimulator
		{FADA5B0E-3E19-4233-B1E3-C9987B271EB2}.Release|Any CPU.Deploy.0 = Release|iPhoneSimulator
		{FADA5B0E-3E19-4233-B1E3-C9987B271EB2}.Release|ARM.ActiveCfg = Release|iPhoneSimulator
		{FADA5B0E-3E19-4233-B1E3-C9987B271EB2}.Release|ARM.Build.0 = Release|iPhoneSimulator
		{FADA5B0E-3E19-4233-B1E3-C9987B271EB2}.Release|ARM.Deploy.0 = Release|iPhoneSimulator
		{FADA5B0E-3E19-4233-B1E3-C9987B271EB2}.Release|iPhone.ActiveCfg = Release|iPhone
		{FADA5B0E-3E19-4233-B1E3-C9987B271EB2}.Release|iPhone.Build.0 = Release|iPhone
		{FADA5B0E-3E19-4233-B1E3-C9987B271EB2}.Release|iPhone.Deploy.0 = Release|iPhone
		{FADA5B0E-3E19-4233-B1E3-C9987B271EB2}.Release|iPhoneSimulator.ActiveCfg = Release|iPhoneSimulator
		{FADA5B0E-3E19-4233-B1E3-C9987B271EB2}.Release|iPhoneSimulator.Build.0 = Release|iPhoneSimulator
		{FADA5B0E-3E19-4233-B1E3-C9987B271EB2}.Release|iPhoneSimulator.Deploy.0 = Release|iPhoneSimulator
		{FADA5B0E-3E19-4233-B1E3-C9987B271EB2}.Release|x64.ActiveCfg = Release|iPhoneSimulator
		{FADA5B0E-3E19-4233-B1E3-C9987B271EB2}.Release|x64.Build.0 = Release|iPhoneSimulator
		{FADA5B0E-3E19-4233-B1E3-C9987B271EB2}.Release|x64.Deploy.0 = Release|iPhoneSimulator
		{FADA5B0E-3E19-4233-B1E3-C9987B271EB2}.Release|x86.ActiveCfg = Release|iPhoneSimulator
		{FADA5B0E-3E19-4233-B1E3-C9987B271EB2}.Release|x86.Build.0 = Release|iPhoneSimulator
		{FADA5B0E-3E19-4233-B1E3-C9987B271EB2}.Release|x86.Deploy.0 = Release|iPhoneSimulator
		{E2A781FA-593A-4133-95AF-FAC28389129D}.Debug|Any CPU.ActiveCfg = Debug|Any CPU
		{E2A781FA-593A-4133-95AF-FAC28389129D}.Debug|Any CPU.Build.0 = Debug|Any CPU
		{E2A781FA-593A-4133-95AF-FAC28389129D}.Debug|Any CPU.Deploy.0 = Debug|Any CPU
		{E2A781FA-593A-4133-95AF-FAC28389129D}.Debug|ARM.ActiveCfg = Debug|Any CPU
		{E2A781FA-593A-4133-95AF-FAC28389129D}.Debug|ARM.Build.0 = Debug|Any CPU
		{E2A781FA-593A-4133-95AF-FAC28389129D}.Debug|ARM.Deploy.0 = Debug|Any CPU
		{E2A781FA-593A-4133-95AF-FAC28389129D}.Debug|iPhone.ActiveCfg = Debug|Any CPU
		{E2A781FA-593A-4133-95AF-FAC28389129D}.Debug|iPhone.Build.0 = Debug|Any CPU
		{E2A781FA-593A-4133-95AF-FAC28389129D}.Debug|iPhone.Deploy.0 = Debug|Any CPU
		{E2A781FA-593A-4133-95AF-FAC28389129D}.Debug|iPhoneSimulator.ActiveCfg = Debug|Any CPU
		{E2A781FA-593A-4133-95AF-FAC28389129D}.Debug|iPhoneSimulator.Build.0 = Debug|Any CPU
		{E2A781FA-593A-4133-95AF-FAC28389129D}.Debug|iPhoneSimulator.Deploy.0 = Debug|Any CPU
		{E2A781FA-593A-4133-95AF-FAC28389129D}.Debug|x64.ActiveCfg = Debug|Any CPU
		{E2A781FA-593A-4133-95AF-FAC28389129D}.Debug|x64.Build.0 = Debug|Any CPU
		{E2A781FA-593A-4133-95AF-FAC28389129D}.Debug|x64.Deploy.0 = Debug|Any CPU
		{E2A781FA-593A-4133-95AF-FAC28389129D}.Debug|x86.ActiveCfg = Debug|Any CPU
		{E2A781FA-593A-4133-95AF-FAC28389129D}.Debug|x86.Build.0 = Debug|Any CPU
		{E2A781FA-593A-4133-95AF-FAC28389129D}.Debug|x86.Deploy.0 = Debug|Any CPU
		{E2A781FA-593A-4133-95AF-FAC28389129D}.Release|Any CPU.ActiveCfg = Release|Any CPU
		{E2A781FA-593A-4133-95AF-FAC28389129D}.Release|Any CPU.Build.0 = Release|Any CPU
		{E2A781FA-593A-4133-95AF-FAC28389129D}.Release|Any CPU.Deploy.0 = Release|Any CPU
		{E2A781FA-593A-4133-95AF-FAC28389129D}.Release|ARM.ActiveCfg = Release|Any CPU
		{E2A781FA-593A-4133-95AF-FAC28389129D}.Release|ARM.Build.0 = Release|Any CPU
		{E2A781FA-593A-4133-95AF-FAC28389129D}.Release|ARM.Deploy.0 = Release|Any CPU
		{E2A781FA-593A-4133-95AF-FAC28389129D}.Release|iPhone.ActiveCfg = Release|Any CPU
		{E2A781FA-593A-4133-95AF-FAC28389129D}.Release|iPhone.Build.0 = Release|Any CPU
		{E2A781FA-593A-4133-95AF-FAC28389129D}.Release|iPhone.Deploy.0 = Release|Any CPU
		{E2A781FA-593A-4133-95AF-FAC28389129D}.Release|iPhoneSimulator.ActiveCfg = Release|Any CPU
		{E2A781FA-593A-4133-95AF-FAC28389129D}.Release|iPhoneSimulator.Build.0 = Release|Any CPU
		{E2A781FA-593A-4133-95AF-FAC28389129D}.Release|iPhoneSimulator.Deploy.0 = Release|Any CPU
		{E2A781FA-593A-4133-95AF-FAC28389129D}.Release|x64.ActiveCfg = Release|Any CPU
		{E2A781FA-593A-4133-95AF-FAC28389129D}.Release|x64.Build.0 = Release|Any CPU
		{E2A781FA-593A-4133-95AF-FAC28389129D}.Release|x64.Deploy.0 = Release|Any CPU
		{E2A781FA-593A-4133-95AF-FAC28389129D}.Release|x86.ActiveCfg = Release|Any CPU
		{E2A781FA-593A-4133-95AF-FAC28389129D}.Release|x86.Build.0 = Release|Any CPU
		{E2A781FA-593A-4133-95AF-FAC28389129D}.Release|x86.Deploy.0 = Release|Any CPU
		{4482A104-31AD-4A38-9098-8A70498C9C17}.Debug|Any CPU.ActiveCfg = Debug|Any CPU
		{4482A104-31AD-4A38-9098-8A70498C9C17}.Debug|Any CPU.Build.0 = Debug|Any CPU
		{4482A104-31AD-4A38-9098-8A70498C9C17}.Debug|ARM.ActiveCfg = Debug|Any CPU
		{4482A104-31AD-4A38-9098-8A70498C9C17}.Debug|ARM.Build.0 = Debug|Any CPU
		{4482A104-31AD-4A38-9098-8A70498C9C17}.Debug|iPhone.ActiveCfg = Debug|Any CPU
		{4482A104-31AD-4A38-9098-8A70498C9C17}.Debug|iPhone.Build.0 = Debug|Any CPU
		{4482A104-31AD-4A38-9098-8A70498C9C17}.Debug|iPhoneSimulator.ActiveCfg = Debug|Any CPU
		{4482A104-31AD-4A38-9098-8A70498C9C17}.Debug|iPhoneSimulator.Build.0 = Debug|Any CPU
		{4482A104-31AD-4A38-9098-8A70498C9C17}.Debug|x64.ActiveCfg = Debug|Any CPU
		{4482A104-31AD-4A38-9098-8A70498C9C17}.Debug|x64.Build.0 = Debug|Any CPU
		{4482A104-31AD-4A38-9098-8A70498C9C17}.Debug|x86.ActiveCfg = Debug|Any CPU
		{4482A104-31AD-4A38-9098-8A70498C9C17}.Debug|x86.Build.0 = Debug|Any CPU
		{4482A104-31AD-4A38-9098-8A70498C9C17}.Release|Any CPU.ActiveCfg = Release|Any CPU
		{4482A104-31AD-4A38-9098-8A70498C9C17}.Release|Any CPU.Build.0 = Release|Any CPU
		{4482A104-31AD-4A38-9098-8A70498C9C17}.Release|ARM.ActiveCfg = Release|Any CPU
		{4482A104-31AD-4A38-9098-8A70498C9C17}.Release|ARM.Build.0 = Release|Any CPU
		{4482A104-31AD-4A38-9098-8A70498C9C17}.Release|iPhone.ActiveCfg = Release|Any CPU
		{4482A104-31AD-4A38-9098-8A70498C9C17}.Release|iPhone.Build.0 = Release|Any CPU
		{4482A104-31AD-4A38-9098-8A70498C9C17}.Release|iPhoneSimulator.ActiveCfg = Release|Any CPU
		{4482A104-31AD-4A38-9098-8A70498C9C17}.Release|iPhoneSimulator.Build.0 = Release|Any CPU
		{4482A104-31AD-4A38-9098-8A70498C9C17}.Release|x64.ActiveCfg = Release|Any CPU
		{4482A104-31AD-4A38-9098-8A70498C9C17}.Release|x64.Build.0 = Release|Any CPU
		{4482A104-31AD-4A38-9098-8A70498C9C17}.Release|x86.ActiveCfg = Release|Any CPU
		{4482A104-31AD-4A38-9098-8A70498C9C17}.Release|x86.Build.0 = Release|Any CPU
		{BA233F8C-6CDA-429D-A4F3-90D294E9D7D2}.Debug|Any CPU.ActiveCfg = Debug|Any CPU
		{BA233F8C-6CDA-429D-A4F3-90D294E9D7D2}.Debug|Any CPU.Build.0 = Debug|Any CPU
		{BA233F8C-6CDA-429D-A4F3-90D294E9D7D2}.Debug|ARM.ActiveCfg = Debug|Any CPU
		{BA233F8C-6CDA-429D-A4F3-90D294E9D7D2}.Debug|ARM.Build.0 = Debug|Any CPU
		{BA233F8C-6CDA-429D-A4F3-90D294E9D7D2}.Debug|iPhone.ActiveCfg = Debug|Any CPU
		{BA233F8C-6CDA-429D-A4F3-90D294E9D7D2}.Debug|iPhone.Build.0 = Debug|Any CPU
		{BA233F8C-6CDA-429D-A4F3-90D294E9D7D2}.Debug|iPhoneSimulator.ActiveCfg = Debug|Any CPU
		{BA233F8C-6CDA-429D-A4F3-90D294E9D7D2}.Debug|iPhoneSimulator.Build.0 = Debug|Any CPU
		{BA233F8C-6CDA-429D-A4F3-90D294E9D7D2}.Debug|x64.ActiveCfg = Debug|Any CPU
		{BA233F8C-6CDA-429D-A4F3-90D294E9D7D2}.Debug|x64.Build.0 = Debug|Any CPU
		{BA233F8C-6CDA-429D-A4F3-90D294E9D7D2}.Debug|x86.ActiveCfg = Debug|Any CPU
		{BA233F8C-6CDA-429D-A4F3-90D294E9D7D2}.Debug|x86.Build.0 = Debug|Any CPU
		{BA233F8C-6CDA-429D-A4F3-90D294E9D7D2}.Release|Any CPU.ActiveCfg = Release|Any CPU
		{BA233F8C-6CDA-429D-A4F3-90D294E9D7D2}.Release|Any CPU.Build.0 = Release|Any CPU
		{BA233F8C-6CDA-429D-A4F3-90D294E9D7D2}.Release|ARM.ActiveCfg = Release|Any CPU
		{BA233F8C-6CDA-429D-A4F3-90D294E9D7D2}.Release|ARM.Build.0 = Release|Any CPU
		{BA233F8C-6CDA-429D-A4F3-90D294E9D7D2}.Release|iPhone.ActiveCfg = Release|Any CPU
		{BA233F8C-6CDA-429D-A4F3-90D294E9D7D2}.Release|iPhone.Build.0 = Release|Any CPU
		{BA233F8C-6CDA-429D-A4F3-90D294E9D7D2}.Release|iPhoneSimulator.ActiveCfg = Release|Any CPU
		{BA233F8C-6CDA-429D-A4F3-90D294E9D7D2}.Release|iPhoneSimulator.Build.0 = Release|Any CPU
		{BA233F8C-6CDA-429D-A4F3-90D294E9D7D2}.Release|x64.ActiveCfg = Release|Any CPU
		{BA233F8C-6CDA-429D-A4F3-90D294E9D7D2}.Release|x64.Build.0 = Release|Any CPU
		{BA233F8C-6CDA-429D-A4F3-90D294E9D7D2}.Release|x86.ActiveCfg = Release|Any CPU
		{BA233F8C-6CDA-429D-A4F3-90D294E9D7D2}.Release|x86.Build.0 = Release|Any CPU
		{28CA4C43-F436-4115-8B99-9DEBBAB2A21A}.Debug|Any CPU.ActiveCfg = Debug|Any CPU
		{28CA4C43-F436-4115-8B99-9DEBBAB2A21A}.Debug|Any CPU.Build.0 = Debug|Any CPU
		{28CA4C43-F436-4115-8B99-9DEBBAB2A21A}.Debug|ARM.ActiveCfg = Debug|Any CPU
		{28CA4C43-F436-4115-8B99-9DEBBAB2A21A}.Debug|ARM.Build.0 = Debug|Any CPU
		{28CA4C43-F436-4115-8B99-9DEBBAB2A21A}.Debug|iPhone.ActiveCfg = Debug|Any CPU
		{28CA4C43-F436-4115-8B99-9DEBBAB2A21A}.Debug|iPhone.Build.0 = Debug|Any CPU
		{28CA4C43-F436-4115-8B99-9DEBBAB2A21A}.Debug|iPhoneSimulator.ActiveCfg = Debug|Any CPU
		{28CA4C43-F436-4115-8B99-9DEBBAB2A21A}.Debug|iPhoneSimulator.Build.0 = Debug|Any CPU
		{28CA4C43-F436-4115-8B99-9DEBBAB2A21A}.Debug|x64.ActiveCfg = Debug|Any CPU
		{28CA4C43-F436-4115-8B99-9DEBBAB2A21A}.Debug|x64.Build.0 = Debug|Any CPU
		{28CA4C43-F436-4115-8B99-9DEBBAB2A21A}.Debug|x86.ActiveCfg = Debug|Any CPU
		{28CA4C43-F436-4115-8B99-9DEBBAB2A21A}.Debug|x86.Build.0 = Debug|Any CPU
		{28CA4C43-F436-4115-8B99-9DEBBAB2A21A}.Release|Any CPU.ActiveCfg = Release|Any CPU
		{28CA4C43-F436-4115-8B99-9DEBBAB2A21A}.Release|Any CPU.Build.0 = Release|Any CPU
		{28CA4C43-F436-4115-8B99-9DEBBAB2A21A}.Release|ARM.ActiveCfg = Release|Any CPU
		{28CA4C43-F436-4115-8B99-9DEBBAB2A21A}.Release|ARM.Build.0 = Release|Any CPU
		{28CA4C43-F436-4115-8B99-9DEBBAB2A21A}.Release|iPhone.ActiveCfg = Release|Any CPU
		{28CA4C43-F436-4115-8B99-9DEBBAB2A21A}.Release|iPhone.Build.0 = Release|Any CPU
		{28CA4C43-F436-4115-8B99-9DEBBAB2A21A}.Release|iPhoneSimulator.ActiveCfg = Release|Any CPU
		{28CA4C43-F436-4115-8B99-9DEBBAB2A21A}.Release|iPhoneSimulator.Build.0 = Release|Any CPU
		{28CA4C43-F436-4115-8B99-9DEBBAB2A21A}.Release|x64.ActiveCfg = Release|Any CPU
		{28CA4C43-F436-4115-8B99-9DEBBAB2A21A}.Release|x64.Build.0 = Release|Any CPU
		{28CA4C43-F436-4115-8B99-9DEBBAB2A21A}.Release|x86.ActiveCfg = Release|Any CPU
		{28CA4C43-F436-4115-8B99-9DEBBAB2A21A}.Release|x86.Build.0 = Release|Any CPU
		{3A9985F9-CCAD-4875-B261-08BFEF503DBB}.Debug|Any CPU.ActiveCfg = Debug|Any CPU
		{3A9985F9-CCAD-4875-B261-08BFEF503DBB}.Debug|Any CPU.Build.0 = Debug|Any CPU
		{3A9985F9-CCAD-4875-B261-08BFEF503DBB}.Debug|ARM.ActiveCfg = Debug|Any CPU
		{3A9985F9-CCAD-4875-B261-08BFEF503DBB}.Debug|ARM.Build.0 = Debug|Any CPU
		{3A9985F9-CCAD-4875-B261-08BFEF503DBB}.Debug|iPhone.ActiveCfg = Debug|Any CPU
		{3A9985F9-CCAD-4875-B261-08BFEF503DBB}.Debug|iPhone.Build.0 = Debug|Any CPU
		{3A9985F9-CCAD-4875-B261-08BFEF503DBB}.Debug|iPhoneSimulator.ActiveCfg = Debug|Any CPU
		{3A9985F9-CCAD-4875-B261-08BFEF503DBB}.Debug|iPhoneSimulator.Build.0 = Debug|Any CPU
		{3A9985F9-CCAD-4875-B261-08BFEF503DBB}.Debug|x64.ActiveCfg = Debug|Any CPU
		{3A9985F9-CCAD-4875-B261-08BFEF503DBB}.Debug|x64.Build.0 = Debug|Any CPU
		{3A9985F9-CCAD-4875-B261-08BFEF503DBB}.Debug|x86.ActiveCfg = Debug|Any CPU
		{3A9985F9-CCAD-4875-B261-08BFEF503DBB}.Debug|x86.Build.0 = Debug|Any CPU
		{3A9985F9-CCAD-4875-B261-08BFEF503DBB}.Release|Any CPU.ActiveCfg = Release|Any CPU
		{3A9985F9-CCAD-4875-B261-08BFEF503DBB}.Release|Any CPU.Build.0 = Release|Any CPU
		{3A9985F9-CCAD-4875-B261-08BFEF503DBB}.Release|ARM.ActiveCfg = Release|Any CPU
		{3A9985F9-CCAD-4875-B261-08BFEF503DBB}.Release|ARM.Build.0 = Release|Any CPU
		{3A9985F9-CCAD-4875-B261-08BFEF503DBB}.Release|iPhone.ActiveCfg = Release|Any CPU
		{3A9985F9-CCAD-4875-B261-08BFEF503DBB}.Release|iPhone.Build.0 = Release|Any CPU
		{3A9985F9-CCAD-4875-B261-08BFEF503DBB}.Release|iPhoneSimulator.ActiveCfg = Release|Any CPU
		{3A9985F9-CCAD-4875-B261-08BFEF503DBB}.Release|iPhoneSimulator.Build.0 = Release|Any CPU
		{3A9985F9-CCAD-4875-B261-08BFEF503DBB}.Release|x64.ActiveCfg = Release|Any CPU
		{3A9985F9-CCAD-4875-B261-08BFEF503DBB}.Release|x64.Build.0 = Release|Any CPU
		{3A9985F9-CCAD-4875-B261-08BFEF503DBB}.Release|x86.ActiveCfg = Release|Any CPU
		{3A9985F9-CCAD-4875-B261-08BFEF503DBB}.Release|x86.Build.0 = Release|Any CPU
	EndGlobalSection
	GlobalSection(SolutionProperties) = preSolution
		HideSolutionNode = FALSE
	EndGlobalSection
	GlobalSection(ExtensibilityGlobals) = postSolution
		SolutionGuid = {361AD23E-3FB6-481B-B471-8516713B4E24}
		RESX_PrefixTranslations = False
	EndGlobalSection
EndGlobal
